// !$*UTF8*$!
{
	archiveVersion = 1;
	classes = {
	};
	objectVersion = 55;
	objects = {

/* Begin PBXBuildFile section */
		2D1E7A77286134B500070A0A /* AppDelegate.swift in Sources */ = {isa = PBXBuildFile; fileRef = 2D1E7A76286134B500070A0A /* AppDelegate.swift */; };
		2D1E7A79286134B500070A0A /* SceneDelegate.swift in Sources */ = {isa = PBXBuildFile; fileRef = 2D1E7A78286134B500070A0A /* SceneDelegate.swift */; };
		2D1E7A7B286134B500070A0A /* ViewController.swift in Sources */ = {isa = PBXBuildFile; fileRef = 2D1E7A7A286134B500070A0A /* ViewController.swift */; };
		2D1E7A7E286134B500070A0A /* Main.storyboard in Resources */ = {isa = PBXBuildFile; fileRef = 2D1E7A7C286134B500070A0A /* Main.storyboard */; };
		2D1E7A81286134B500070A0A /* Give_a_chance.xcdatamodeld in Sources */ = {isa = PBXBuildFile; fileRef = 2D1E7A7F286134B500070A0A /* Give_a_chance.xcdatamodeld */; };
		2D1E7A83286134B600070A0A /* Assets.xcassets in Resources */ = {isa = PBXBuildFile; fileRef = 2D1E7A82286134B600070A0A /* Assets.xcassets */; };
		2D1E7A86286134B600070A0A /* LaunchScreen.storyboard in Resources */ = {isa = PBXBuildFile; fileRef = 2D1E7A84286134B600070A0A /* LaunchScreen.storyboard */; };
		2D1E7A902861363A00070A0A /* StartViewController.swift in Sources */ = {isa = PBXBuildFile; fileRef = 2D1E7A8F2861363A00070A0A /* StartViewController.swift */; };
		2D1E7A932861367D00070A0A /* PaletteApp.swift in Sources */ = {isa = PBXBuildFile; fileRef = 2D1E7A922861367D00070A0A /* PaletteApp.swift */; };
		2D1E7A95286136A000070A0A /* ListImages.swift in Sources */ = {isa = PBXBuildFile; fileRef = 2D1E7A94286136A000070A0A /* ListImages.swift */; };
		2D1E7A97286136BC00070A0A /* OurFonts.swift in Sources */ = {isa = PBXBuildFile; fileRef = 2D1E7A96286136BC00070A0A /* OurFonts.swift */; };
		2D1E7A9B2861373F00070A0A /* UIColor+HEX.swift in Sources */ = {isa = PBXBuildFile; fileRef = 2D1E7A9A2861373F00070A0A /* UIColor+HEX.swift */; };
		2D1E7A9F2861377B00070A0A /* StartOnbording.swift in Sources */ = {isa = PBXBuildFile; fileRef = 2D1E7A9E2861377B00070A0A /* StartOnbording.swift */; };
		2D1E7AA6286137A700070A0A /* FirstOnbordingPresenter.swift in Sources */ = {isa = PBXBuildFile; fileRef = 2D1E7AA1286137A700070A0A /* FirstOnbordingPresenter.swift */; };
		2D1E7AA7286137A700070A0A /* FirstOnbordingRouter.swift in Sources */ = {isa = PBXBuildFile; fileRef = 2D1E7AA2286137A700070A0A /* FirstOnbordingRouter.swift */; };
		2D1E7AA8286137A700070A0A /* FirstOnbordingViewController.swift in Sources */ = {isa = PBXBuildFile; fileRef = 2D1E7AA3286137A700070A0A /* FirstOnbordingViewController.swift */; };
		2D1E7AA9286137A700070A0A /* FirstOnbordingInteractor.swift in Sources */ = {isa = PBXBuildFile; fileRef = 2D1E7AA4286137A700070A0A /* FirstOnbordingInteractor.swift */; };
		2D1E7AAA286137A700070A0A /* FirstOnbordingConfigurator.swift in Sources */ = {isa = PBXBuildFile; fileRef = 2D1E7AA5286137A700070A0A /* FirstOnbordingConfigurator.swift */; };
		2D36EF5B2861E3CE007F6FE7 /* SecondOnbordingPresenter.swift in Sources */ = {isa = PBXBuildFile; fileRef = 2D36EF562861E3CE007F6FE7 /* SecondOnbordingPresenter.swift */; };
		2D36EF5C2861E3CE007F6FE7 /* SecondOnbordingRouter.swift in Sources */ = {isa = PBXBuildFile; fileRef = 2D36EF572861E3CE007F6FE7 /* SecondOnbordingRouter.swift */; };
		2D36EF5D2861E3CE007F6FE7 /* SecondOnbordingViewController.swift in Sources */ = {isa = PBXBuildFile; fileRef = 2D36EF582861E3CE007F6FE7 /* SecondOnbordingViewController.swift */; };
		2D36EF5E2861E3CE007F6FE7 /* SecondOnbordingInteractor.swift in Sources */ = {isa = PBXBuildFile; fileRef = 2D36EF592861E3CE007F6FE7 /* SecondOnbordingInteractor.swift */; };
		2D36EF5F2861E3CE007F6FE7 /* SecondOnbordingConfigurator.swift in Sources */ = {isa = PBXBuildFile; fileRef = 2D36EF5A2861E3CE007F6FE7 /* SecondOnbordingConfigurator.swift */; };
		2D36EF662861E40E007F6FE7 /* ThirdOnbordingPresenter.swift in Sources */ = {isa = PBXBuildFile; fileRef = 2D36EF612861E40E007F6FE7 /* ThirdOnbordingPresenter.swift */; };
		2D36EF672861E40E007F6FE7 /* ThirdOnbordingRouter.swift in Sources */ = {isa = PBXBuildFile; fileRef = 2D36EF622861E40E007F6FE7 /* ThirdOnbordingRouter.swift */; };
		2D36EF682861E40E007F6FE7 /* ThirdOnbordingViewController.swift in Sources */ = {isa = PBXBuildFile; fileRef = 2D36EF632861E40E007F6FE7 /* ThirdOnbordingViewController.swift */; };
		2D36EF692861E40E007F6FE7 /* ThirdOnbordingInteractor.swift in Sources */ = {isa = PBXBuildFile; fileRef = 2D36EF642861E40E007F6FE7 /* ThirdOnbordingInteractor.swift */; };
		2D36EF6A2861E40E007F6FE7 /* ThirdOnbordingConfigurator.swift in Sources */ = {isa = PBXBuildFile; fileRef = 2D36EF652861E40E007F6FE7 /* ThirdOnbordingConfigurator.swift */; };
		2D36EF6D2861E473007F6FE7 /* SnapKit in Frameworks */ = {isa = PBXBuildFile; productRef = 2D36EF6C2861E473007F6FE7 /* SnapKit */; };
		2D36EF7B2861E56E007F6FE7 /* GradientButton.swift in Sources */ = {isa = PBXBuildFile; fileRef = 2D36EF7A2861E56E007F6FE7 /* GradientButton.swift */; };
		2D36EF7E2861E59C007F6FE7 /* RootMainApplicitionController.swift in Sources */ = {isa = PBXBuildFile; fileRef = 2D36EF7D2861E59C007F6FE7 /* RootMainApplicitionController.swift */; };
		2D36EF832861E6F3007F6FE7 /* DMSans-Bold.ttf in Resources */ = {isa = PBXBuildFile; fileRef = 2D36EF822861E6F3007F6FE7 /* DMSans-Bold.ttf */; };
		2D36EF852861E6FC007F6FE7 /* DMSans-Regular.ttf in Resources */ = {isa = PBXBuildFile; fileRef = 2D36EF842861E6FC007F6FE7 /* DMSans-Regular.ttf */; };
/* End PBXBuildFile section */

/* Begin PBXFileReference section */
		2D1E7A73286134B500070A0A /* Give_a_chance.app */ = {isa = PBXFileReference; explicitFileType = wrapper.application; includeInIndex = 0; path = Give_a_chance.app; sourceTree = BUILT_PRODUCTS_DIR; };
		2D1E7A76286134B500070A0A /* AppDelegate.swift */ = {isa = PBXFileReference; lastKnownFileType = sourcecode.swift; path = AppDelegate.swift; sourceTree = "<group>"; };
		2D1E7A78286134B500070A0A /* SceneDelegate.swift */ = {isa = PBXFileReference; lastKnownFileType = sourcecode.swift; path = SceneDelegate.swift; sourceTree = "<group>"; };
		2D1E7A7A286134B500070A0A /* ViewController.swift */ = {isa = PBXFileReference; lastKnownFileType = sourcecode.swift; path = ViewController.swift; sourceTree = "<group>"; };
		2D1E7A7D286134B500070A0A /* Base */ = {isa = PBXFileReference; lastKnownFileType = file.storyboard; name = Base; path = Base.lproj/Main.storyboard; sourceTree = "<group>"; };
		2D1E7A80286134B500070A0A /* Give_a_chance.xcdatamodel */ = {isa = PBXFileReference; lastKnownFileType = wrapper.xcdatamodel; path = Give_a_chance.xcdatamodel; sourceTree = "<group>"; };
		2D1E7A82286134B600070A0A /* Assets.xcassets */ = {isa = PBXFileReference; lastKnownFileType = folder.assetcatalog; path = Assets.xcassets; sourceTree = "<group>"; };
		2D1E7A85286134B600070A0A /* Base */ = {isa = PBXFileReference; lastKnownFileType = file.storyboard; name = Base; path = Base.lproj/LaunchScreen.storyboard; sourceTree = "<group>"; };
		2D1E7A87286134B600070A0A /* Info.plist */ = {isa = PBXFileReference; lastKnownFileType = text.plist.xml; path = Info.plist; sourceTree = "<group>"; };
		2D1E7A8F2861363A00070A0A /* StartViewController.swift */ = {isa = PBXFileReference; lastKnownFileType = sourcecode.swift; path = StartViewController.swift; sourceTree = "<group>"; };
		2D1E7A922861367D00070A0A /* PaletteApp.swift */ = {isa = PBXFileReference; lastKnownFileType = sourcecode.swift; path = PaletteApp.swift; sourceTree = "<group>"; };
		2D1E7A94286136A000070A0A /* ListImages.swift */ = {isa = PBXFileReference; lastKnownFileType = sourcecode.swift; path = ListImages.swift; sourceTree = "<group>"; };
		2D1E7A96286136BC00070A0A /* OurFonts.swift */ = {isa = PBXFileReference; lastKnownFileType = sourcecode.swift; path = OurFonts.swift; sourceTree = "<group>"; };
		2D1E7A9A2861373F00070A0A /* UIColor+HEX.swift */ = {isa = PBXFileReference; lastKnownFileType = sourcecode.swift; path = "UIColor+HEX.swift"; sourceTree = "<group>"; };
		2D1E7A9E2861377B00070A0A /* StartOnbording.swift */ = {isa = PBXFileReference; lastKnownFileType = sourcecode.swift; path = StartOnbording.swift; sourceTree = "<group>"; };
		2D1E7AA1286137A700070A0A /* FirstOnbordingPresenter.swift */ = {isa = PBXFileReference; lastKnownFileType = sourcecode.swift; path = FirstOnbordingPresenter.swift; sourceTree = "<group>"; };
		2D1E7AA2286137A700070A0A /* FirstOnbordingRouter.swift */ = {isa = PBXFileReference; lastKnownFileType = sourcecode.swift; path = FirstOnbordingRouter.swift; sourceTree = "<group>"; };
		2D1E7AA3286137A700070A0A /* FirstOnbordingViewController.swift */ = {isa = PBXFileReference; lastKnownFileType = sourcecode.swift; path = FirstOnbordingViewController.swift; sourceTree = "<group>"; };
		2D1E7AA4286137A700070A0A /* FirstOnbordingInteractor.swift */ = {isa = PBXFileReference; lastKnownFileType = sourcecode.swift; path = FirstOnbordingInteractor.swift; sourceTree = "<group>"; };
		2D1E7AA5286137A700070A0A /* FirstOnbordingConfigurator.swift */ = {isa = PBXFileReference; lastKnownFileType = sourcecode.swift; path = FirstOnbordingConfigurator.swift; sourceTree = "<group>"; };
		2D36EF562861E3CE007F6FE7 /* SecondOnbordingPresenter.swift */ = {isa = PBXFileReference; lastKnownFileType = sourcecode.swift; path = SecondOnbordingPresenter.swift; sourceTree = "<group>"; };
		2D36EF572861E3CE007F6FE7 /* SecondOnbordingRouter.swift */ = {isa = PBXFileReference; lastKnownFileType = sourcecode.swift; path = SecondOnbordingRouter.swift; sourceTree = "<group>"; };
		2D36EF582861E3CE007F6FE7 /* SecondOnbordingViewController.swift */ = {isa = PBXFileReference; lastKnownFileType = sourcecode.swift; path = SecondOnbordingViewController.swift; sourceTree = "<group>"; };
		2D36EF592861E3CE007F6FE7 /* SecondOnbordingInteractor.swift */ = {isa = PBXFileReference; lastKnownFileType = sourcecode.swift; path = SecondOnbordingInteractor.swift; sourceTree = "<group>"; };
		2D36EF5A2861E3CE007F6FE7 /* SecondOnbordingConfigurator.swift */ = {isa = PBXFileReference; lastKnownFileType = sourcecode.swift; path = SecondOnbordingConfigurator.swift; sourceTree = "<group>"; };
		2D36EF612861E40E007F6FE7 /* ThirdOnbordingPresenter.swift */ = {isa = PBXFileReference; lastKnownFileType = sourcecode.swift; path = ThirdOnbordingPresenter.swift; sourceTree = "<group>"; };
		2D36EF622861E40E007F6FE7 /* ThirdOnbordingRouter.swift */ = {isa = PBXFileReference; lastKnownFileType = sourcecode.swift; path = ThirdOnbordingRouter.swift; sourceTree = "<group>"; };
		2D36EF632861E40E007F6FE7 /* ThirdOnbordingViewController.swift */ = {isa = PBXFileReference; lastKnownFileType = sourcecode.swift; path = ThirdOnbordingViewController.swift; sourceTree = "<group>"; };
		2D36EF642861E40E007F6FE7 /* ThirdOnbordingInteractor.swift */ = {isa = PBXFileReference; lastKnownFileType = sourcecode.swift; path = ThirdOnbordingInteractor.swift; sourceTree = "<group>"; };
		2D36EF652861E40E007F6FE7 /* ThirdOnbordingConfigurator.swift */ = {isa = PBXFileReference; lastKnownFileType = sourcecode.swift; path = ThirdOnbordingConfigurator.swift; sourceTree = "<group>"; };
		2D36EF7A2861E56E007F6FE7 /* GradientButton.swift */ = {isa = PBXFileReference; lastKnownFileType = sourcecode.swift; path = GradientButton.swift; sourceTree = "<group>"; };
		2D36EF7D2861E59C007F6FE7 /* RootMainApplicitionController.swift */ = {isa = PBXFileReference; lastKnownFileType = sourcecode.swift; path = RootMainApplicitionController.swift; sourceTree = "<group>"; };
		2D36EF822861E6F3007F6FE7 /* DMSans-Bold.ttf */ = {isa = PBXFileReference; lastKnownFileType = file; path = "DMSans-Bold.ttf"; sourceTree = "<group>"; };
		2D36EF842861E6FC007F6FE7 /* DMSans-Regular.ttf */ = {isa = PBXFileReference; lastKnownFileType = file; path = "DMSans-Regular.ttf"; sourceTree = "<group>"; };
/* End PBXFileReference section */

/* Begin PBXFrameworksBuildPhase section */
		2D1E7A70286134B500070A0A /* Frameworks */ = {
			isa = PBXFrameworksBuildPhase;
			buildActionMask = 2147483647;
			files = (
				2D36EF6D2861E473007F6FE7 /* SnapKit in Frameworks */,
			);
			runOnlyForDeploymentPostprocessing = 0;
		};
/* End PBXFrameworksBuildPhase section */

/* Begin PBXGroup section */
		2D1E7A6A286134B500070A0A = {
			isa = PBXGroup;
			children = (
				2D1E7A75286134B500070A0A /* Give_a_chance */,
				2D1E7A74286134B500070A0A /* Products */,
			);
			sourceTree = "<group>";
		};
		2D1E7A74286134B500070A0A /* Products */ = {
			isa = PBXGroup;
			children = (
				2D1E7A73286134B500070A0A /* Give_a_chance.app */,
			);
			name = Products;
			sourceTree = "<group>";
		};
		2D1E7A75286134B500070A0A /* Give_a_chance */ = {
			isa = PBXGroup;
			children = (
				2D36EF7F2861E6D6007F6FE7 /* Support files */,
				2D36EF7C2861E58C007F6FE7 /* MainApplication */,
				2D36EF6E2861E53E007F6FE7 /* CustomUI */,
				2D1E7A9C2861376100070A0A /* Onbording */,
				2D1E7A982861371F00070A0A /* Extensions */,
				2D1E7A8D2861361400070A0A /* Application */,
				2D1E7A76286134B500070A0A /* AppDelegate.swift */,
				2D1E7A78286134B500070A0A /* SceneDelegate.swift */,
				2D1E7A7A286134B500070A0A /* ViewController.swift */,
				2D1E7A7C286134B500070A0A /* Main.storyboard */,
				2D1E7A82286134B600070A0A /* Assets.xcassets */,
				2D1E7A84286134B600070A0A /* LaunchScreen.storyboard */,
				2D1E7A87286134B600070A0A /* Info.plist */,
				2D1E7A7F286134B500070A0A /* Give_a_chance.xcdatamodeld */,
			);
			path = Give_a_chance;
			sourceTree = "<group>";
		};
		2D1E7A8D2861361400070A0A /* Application */ = {
			isa = PBXGroup;
			children = (
				2D1E7A912861366200070A0A /* OurSettings */,
				2D1E7A8E2861361F00070A0A /* View */,
			);
			path = Application;
			sourceTree = "<group>";
		};
		2D1E7A8E2861361F00070A0A /* View */ = {
			isa = PBXGroup;
			children = (
				2D1E7A8F2861363A00070A0A /* StartViewController.swift */,
			);
			path = View;
			sourceTree = "<group>";
		};
		2D1E7A912861366200070A0A /* OurSettings */ = {
			isa = PBXGroup;
			children = (
				2D1E7A922861367D00070A0A /* PaletteApp.swift */,
				2D1E7A94286136A000070A0A /* ListImages.swift */,
				2D1E7A96286136BC00070A0A /* OurFonts.swift */,
			);
			path = OurSettings;
			sourceTree = "<group>";
		};
		2D1E7A982861371F00070A0A /* Extensions */ = {
			isa = PBXGroup;
			children = (
				2D1E7A992861372900070A0A /* UIColor */,
			);
			path = Extensions;
			sourceTree = "<group>";
		};
		2D1E7A992861372900070A0A /* UIColor */ = {
			isa = PBXGroup;
			children = (
				2D1E7A9A2861373F00070A0A /* UIColor+HEX.swift */,
			);
			path = UIColor;
			sourceTree = "<group>";
		};
		2D1E7A9C2861376100070A0A /* Onbording */ = {
			isa = PBXGroup;
			children = (
				2D36EF602861E3F8007F6FE7 /* ThirdOnbording */,
				2D36EF552861E2B6007F6FE7 /* SecondOnbording */,
				2D1E7AA02861379400070A0A /* FirstOnbording */,
				2D1E7A9D2861376B00070A0A /* StartOnbording */,
			);
			path = Onbording;
			sourceTree = "<group>";
		};
		2D1E7A9D2861376B00070A0A /* StartOnbording */ = {
			isa = PBXGroup;
			children = (
				2D1E7A9E2861377B00070A0A /* StartOnbording.swift */,
			);
			path = StartOnbording;
			sourceTree = "<group>";
		};
		2D1E7AA02861379400070A0A /* FirstOnbording */ = {
			isa = PBXGroup;
			children = (
				2D1E7AA1286137A700070A0A /* FirstOnbordingPresenter.swift */,
				2D1E7AA2286137A700070A0A /* FirstOnbordingRouter.swift */,
				2D1E7AA3286137A700070A0A /* FirstOnbordingViewController.swift */,
				2D1E7AA4286137A700070A0A /* FirstOnbordingInteractor.swift */,
				2D1E7AA5286137A700070A0A /* FirstOnbordingConfigurator.swift */,
			);
			path = FirstOnbording;
			sourceTree = "<group>";
		};
		2D36EF552861E2B6007F6FE7 /* SecondOnbording */ = {
			isa = PBXGroup;
			children = (
				2D36EF562861E3CE007F6FE7 /* SecondOnbordingPresenter.swift */,
				2D36EF572861E3CE007F6FE7 /* SecondOnbordingRouter.swift */,
				2D36EF582861E3CE007F6FE7 /* SecondOnbordingViewController.swift */,
				2D36EF592861E3CE007F6FE7 /* SecondOnbordingInteractor.swift */,
				2D36EF5A2861E3CE007F6FE7 /* SecondOnbordingConfigurator.swift */,
			);
			path = SecondOnbording;
			sourceTree = "<group>";
		};
		2D36EF602861E3F8007F6FE7 /* ThirdOnbording */ = {
			isa = PBXGroup;
			children = (
				2D36EF612861E40E007F6FE7 /* ThirdOnbordingPresenter.swift */,
				2D36EF622861E40E007F6FE7 /* ThirdOnbordingRouter.swift */,
				2D36EF632861E40E007F6FE7 /* ThirdOnbordingViewController.swift */,
				2D36EF642861E40E007F6FE7 /* ThirdOnbordingInteractor.swift */,
				2D36EF652861E40E007F6FE7 /* ThirdOnbordingConfigurator.swift */,
			);
			path = ThirdOnbording;
			sourceTree = "<group>";
		};
		2D36EF6E2861E53E007F6FE7 /* CustomUI */ = {
			isa = PBXGroup;
			children = (
				2D36EF6F2861E547007F6FE7 /* Button */,
			);
			path = CustomUI;
			sourceTree = "<group>";
		};
		2D36EF6F2861E547007F6FE7 /* Button */ = {
			isa = PBXGroup;
			children = (
				2D36EF7A2861E56E007F6FE7 /* GradientButton.swift */,
			);
			path = Button;
			sourceTree = "<group>";
		};
		2D36EF7C2861E58C007F6FE7 /* MainApplication */ = {
			isa = PBXGroup;
			children = (
				2D36EF7D2861E59C007F6FE7 /* RootMainApplicitionController.swift */,
			);
			path = MainApplication;
			sourceTree = "<group>";
		};
		2D36EF7F2861E6D6007F6FE7 /* Support files */ = {
			isa = PBXGroup;
			children = (
				2D36EF802861E6DF007F6FE7 /* Fonts */,
			);
			path = "Support files";
			sourceTree = "<group>";
		};
		2D36EF802861E6DF007F6FE7 /* Fonts */ = {
			isa = PBXGroup;
			children = (
				2D36EF812861E6E7007F6FE7 /* DM_Sans */,
			);
			path = Fonts;
			sourceTree = "<group>";
		};
		2D36EF812861E6E7007F6FE7 /* DM_Sans */ = {
			isa = PBXGroup;
			children = (
				2D36EF842861E6FC007F6FE7 /* DMSans-Regular.ttf */,
				2D36EF822861E6F3007F6FE7 /* DMSans-Bold.ttf */,
			);
			path = DM_Sans;
			sourceTree = "<group>";
		};
/* End PBXGroup section */

/* Begin PBXNativeTarget section */
		2D1E7A72286134B500070A0A /* Give_a_chance */ = {
			isa = PBXNativeTarget;
			buildConfigurationList = 2D1E7A8A286134B600070A0A /* Build configuration list for PBXNativeTarget "Give_a_chance" */;
			buildPhases = (
				2D1E7A6F286134B500070A0A /* Sources */,
				2D1E7A70286134B500070A0A /* Frameworks */,
				2D1E7A71286134B500070A0A /* Resources */,
			);
			buildRules = (
			);
			dependencies = (
			);
			name = Give_a_chance;
			packageProductDependencies = (
				2D36EF6C2861E473007F6FE7 /* SnapKit */,
			);
			productName = Give_a_chance;
			productReference = 2D1E7A73286134B500070A0A /* Give_a_chance.app */;
			productType = "com.apple.product-type.application";
		};
/* End PBXNativeTarget section */

/* Begin PBXProject section */
		2D1E7A6B286134B500070A0A /* Project object */ = {
			isa = PBXProject;
			attributes = {
				BuildIndependentTargetsInParallel = 1;
				LastSwiftUpdateCheck = 1340;
				LastUpgradeCheck = 1340;
				TargetAttributes = {
					2D1E7A72286134B500070A0A = {
						CreatedOnToolsVersion = 13.4.1;
					};
				};
			};
			buildConfigurationList = 2D1E7A6E286134B500070A0A /* Build configuration list for PBXProject "Give_a_chance" */;
			compatibilityVersion = "Xcode 13.0";
			developmentRegion = en;
			hasScannedForEncodings = 0;
			knownRegions = (
				en,
				Base,
			);
			mainGroup = 2D1E7A6A286134B500070A0A;
			packageReferences = (
				2D36EF6B2861E473007F6FE7 /* XCRemoteSwiftPackageReference "SnapKit" */,
			);
			productRefGroup = 2D1E7A74286134B500070A0A /* Products */;
			projectDirPath = "";
			projectRoot = "";
			targets = (
				2D1E7A72286134B500070A0A /* Give_a_chance */,
			);
		};
/* End PBXProject section */

/* Begin PBXResourcesBuildPhase section */
		2D1E7A71286134B500070A0A /* Resources */ = {
			isa = PBXResourcesBuildPhase;
			buildActionMask = 2147483647;
			files = (
				2D36EF852861E6FC007F6FE7 /* DMSans-Regular.ttf in Resources */,
				2D1E7A86286134B600070A0A /* LaunchScreen.storyboard in Resources */,
				2D1E7A83286134B600070A0A /* Assets.xcassets in Resources */,
				2D1E7A7E286134B500070A0A /* Main.storyboard in Resources */,
				2D36EF832861E6F3007F6FE7 /* DMSans-Bold.ttf in Resources */,
			);
			runOnlyForDeploymentPostprocessing = 0;
		};
/* End PBXResourcesBuildPhase section */

/* Begin PBXSourcesBuildPhase section */
		2D1E7A6F286134B500070A0A /* Sources */ = {
			isa = PBXSourcesBuildPhase;
			buildActionMask = 2147483647;
			files = (
				2D1E7A95286136A000070A0A /* ListImages.swift in Sources */,
				2D1E7A9B2861373F00070A0A /* UIColor+HEX.swift in Sources */,
				2D1E7AA9286137A700070A0A /* FirstOnbordingInteractor.swift in Sources */,
				2D1E7A97286136BC00070A0A /* OurFonts.swift in Sources */,
				2D1E7A902861363A00070A0A /* StartViewController.swift in Sources */,
				2D36EF5C2861E3CE007F6FE7 /* SecondOnbordingRouter.swift in Sources */,
				2D36EF5E2861E3CE007F6FE7 /* SecondOnbordingInteractor.swift in Sources */,
				2D1E7A7B286134B500070A0A /* ViewController.swift in Sources */,
				2D36EF5D2861E3CE007F6FE7 /* SecondOnbordingViewController.swift in Sources */,
				2D1E7A77286134B500070A0A /* AppDelegate.swift in Sources */,
				2D36EF7E2861E59C007F6FE7 /* RootMainApplicitionController.swift in Sources */,
				2D36EF682861E40E007F6FE7 /* ThirdOnbordingViewController.swift in Sources */,
				2D1E7AA8286137A700070A0A /* FirstOnbordingViewController.swift in Sources */,
				2D36EF672861E40E007F6FE7 /* ThirdOnbordingRouter.swift in Sources */,
				2D1E7A81286134B500070A0A /* Give_a_chance.xcdatamodeld in Sources */,
				2D36EF662861E40E007F6FE7 /* ThirdOnbordingPresenter.swift in Sources */,
				2D1E7AAA286137A700070A0A /* FirstOnbordingConfigurator.swift in Sources */,
				2D1E7AA6286137A700070A0A /* FirstOnbordingPresenter.swift in Sources */,
				2D36EF692861E40E007F6FE7 /* ThirdOnbordingInteractor.swift in Sources */,
				2D1E7AA7286137A700070A0A /* FirstOnbordingRouter.swift in Sources */,
				2D36EF5F2861E3CE007F6FE7 /* SecondOnbordingConfigurator.swift in Sources */,
				2D1E7A79286134B500070A0A /* SceneDelegate.swift in Sources */,
				2D1E7A932861367D00070A0A /* PaletteApp.swift in Sources */,
				2D1E7A9F2861377B00070A0A /* StartOnbording.swift in Sources */,
				2D36EF7B2861E56E007F6FE7 /* GradientButton.swift in Sources */,
				2D36EF6A2861E40E007F6FE7 /* ThirdOnbordingConfigurator.swift in Sources */,
				2D36EF5B2861E3CE007F6FE7 /* SecondOnbordingPresenter.swift in Sources */,
			);
			runOnlyForDeploymentPostprocessing = 0;
		};
/* End PBXSourcesBuildPhase section */

/* Begin PBXVariantGroup section */
		2D1E7A7C286134B500070A0A /* Main.storyboard */ = {
			isa = PBXVariantGroup;
			children = (
				2D1E7A7D286134B500070A0A /* Base */,
			);
			name = Main.storyboard;
			sourceTree = "<group>";
		};
		2D1E7A84286134B600070A0A /* LaunchScreen.storyboard */ = {
			isa = PBXVariantGroup;
			children = (
				2D1E7A85286134B600070A0A /* Base */,
			);
			name = LaunchScreen.storyboard;
			sourceTree = "<group>";
		};
/* End PBXVariantGroup section */

/* Begin XCBuildConfiguration section */
		2D1E7A88286134B600070A0A /* Debug */ = {
			isa = XCBuildConfiguration;
			buildSettings = {
				ALWAYS_SEARCH_USER_PATHS = NO;
				CLANG_ANALYZER_NONNULL = YES;
				CLANG_ANALYZER_NUMBER_OBJECT_CONVERSION = YES_AGGRESSIVE;
				CLANG_CXX_LANGUAGE_STANDARD = "gnu++17";
				CLANG_ENABLE_MODULES = YES;
				CLANG_ENABLE_OBJC_ARC = YES;
				CLANG_ENABLE_OBJC_WEAK = YES;
				CLANG_WARN_BLOCK_CAPTURE_AUTORELEASING = YES;
				CLANG_WARN_BOOL_CONVERSION = YES;
				CLANG_WARN_COMMA = YES;
				CLANG_WARN_CONSTANT_CONVERSION = YES;
				CLANG_WARN_DEPRECATED_OBJC_IMPLEMENTATIONS = YES;
				CLANG_WARN_DIRECT_OBJC_ISA_USAGE = YES_ERROR;
				CLANG_WARN_DOCUMENTATION_COMMENTS = YES;
				CLANG_WARN_EMPTY_BODY = YES;
				CLANG_WARN_ENUM_CONVERSION = YES;
				CLANG_WARN_INFINITE_RECURSION = YES;
				CLANG_WARN_INT_CONVERSION = YES;
				CLANG_WARN_NON_LITERAL_NULL_CONVERSION = YES;
				CLANG_WARN_OBJC_IMPLICIT_RETAIN_SELF = YES;
				CLANG_WARN_OBJC_LITERAL_CONVERSION = YES;
				CLANG_WARN_OBJC_ROOT_CLASS = YES_ERROR;
				CLANG_WARN_QUOTED_INCLUDE_IN_FRAMEWORK_HEADER = YES;
				CLANG_WARN_RANGE_LOOP_ANALYSIS = YES;
				CLANG_WARN_STRICT_PROTOTYPES = YES;
				CLANG_WARN_SUSPICIOUS_MOVE = YES;
				CLANG_WARN_UNGUARDED_AVAILABILITY = YES_AGGRESSIVE;
				CLANG_WARN_UNREACHABLE_CODE = YES;
				CLANG_WARN__DUPLICATE_METHOD_MATCH = YES;
				COPY_PHASE_STRIP = NO;
				DEBUG_INFORMATION_FORMAT = dwarf;
				ENABLE_STRICT_OBJC_MSGSEND = YES;
				ENABLE_TESTABILITY = YES;
				GCC_C_LANGUAGE_STANDARD = gnu11;
				GCC_DYNAMIC_NO_PIC = NO;
				GCC_NO_COMMON_BLOCKS = YES;
				GCC_OPTIMIZATION_LEVEL = 0;
				GCC_PREPROCESSOR_DEFINITIONS = (
					"DEBUG=1",
					"$(inherited)",
				);
				GCC_WARN_64_TO_32_BIT_CONVERSION = YES;
				GCC_WARN_ABOUT_RETURN_TYPE = YES_ERROR;
				GCC_WARN_UNDECLARED_SELECTOR = YES;
				GCC_WARN_UNINITIALIZED_AUTOS = YES_AGGRESSIVE;
				GCC_WARN_UNUSED_FUNCTION = YES;
				GCC_WARN_UNUSED_VARIABLE = YES;
				IPHONEOS_DEPLOYMENT_TARGET = 15.5;
				MTL_ENABLE_DEBUG_INFO = INCLUDE_SOURCE;
				MTL_FAST_MATH = YES;
				ONLY_ACTIVE_ARCH = YES;
				SDKROOT = iphoneos;
				SWIFT_ACTIVE_COMPILATION_CONDITIONS = DEBUG;
				SWIFT_OPTIMIZATION_LEVEL = "-Onone";
			};
			name = Debug;
		};
		2D1E7A89286134B600070A0A /* Release */ = {
			isa = XCBuildConfiguration;
			buildSettings = {
				ALWAYS_SEARCH_USER_PATHS = NO;
				CLANG_ANALYZER_NONNULL = YES;
				CLANG_ANALYZER_NUMBER_OBJECT_CONVERSION = YES_AGGRESSIVE;
				CLANG_CXX_LANGUAGE_STANDARD = "gnu++17";
				CLANG_ENABLE_MODULES = YES;
				CLANG_ENABLE_OBJC_ARC = YES;
				CLANG_ENABLE_OBJC_WEAK = YES;
				CLANG_WARN_BLOCK_CAPTURE_AUTORELEASING = YES;
				CLANG_WARN_BOOL_CONVERSION = YES;
				CLANG_WARN_COMMA = YES;
				CLANG_WARN_CONSTANT_CONVERSION = YES;
				CLANG_WARN_DEPRECATED_OBJC_IMPLEMENTATIONS = YES;
				CLANG_WARN_DIRECT_OBJC_ISA_USAGE = YES_ERROR;
				CLANG_WARN_DOCUMENTATION_COMMENTS = YES;
				CLANG_WARN_EMPTY_BODY = YES;
				CLANG_WARN_ENUM_CONVERSION = YES;
				CLANG_WARN_INFINITE_RECURSION = YES;
				CLANG_WARN_INT_CONVERSION = YES;
				CLANG_WARN_NON_LITERAL_NULL_CONVERSION = YES;
				CLANG_WARN_OBJC_IMPLICIT_RETAIN_SELF = YES;
				CLANG_WARN_OBJC_LITERAL_CONVERSION = YES;
				CLANG_WARN_OBJC_ROOT_CLASS = YES_ERROR;
				CLANG_WARN_QUOTED_INCLUDE_IN_FRAMEWORK_HEADER = YES;
				CLANG_WARN_RANGE_LOOP_ANALYSIS = YES;
				CLANG_WARN_STRICT_PROTOTYPES = YES;
				CLANG_WARN_SUSPICIOUS_MOVE = YES;
				CLANG_WARN_UNGUARDED_AVAILABILITY = YES_AGGRESSIVE;
				CLANG_WARN_UNREACHABLE_CODE = YES;
				CLANG_WARN__DUPLICATE_METHOD_MATCH = YES;
				COPY_PHASE_STRIP = NO;
				DEBUG_INFORMATION_FORMAT = "dwarf-with-dsym";
				ENABLE_NS_ASSERTIONS = NO;
				ENABLE_STRICT_OBJC_MSGSEND = YES;
				GCC_C_LANGUAGE_STANDARD = gnu11;
				GCC_NO_COMMON_BLOCKS = YES;
				GCC_WARN_64_TO_32_BIT_CONVERSION = YES;
				GCC_WARN_ABOUT_RETURN_TYPE = YES_ERROR;
				GCC_WARN_UNDECLARED_SELECTOR = YES;
				GCC_WARN_UNINITIALIZED_AUTOS = YES_AGGRESSIVE;
				GCC_WARN_UNUSED_FUNCTION = YES;
				GCC_WARN_UNUSED_VARIABLE = YES;
				IPHONEOS_DEPLOYMENT_TARGET = 15.5;
				MTL_ENABLE_DEBUG_INFO = NO;
				MTL_FAST_MATH = YES;
				SDKROOT = iphoneos;
				SWIFT_COMPILATION_MODE = wholemodule;
				SWIFT_OPTIMIZATION_LEVEL = "-O";
				VALIDATE_PRODUCT = YES;
			};
			name = Release;
		};
		2D1E7A8B286134B600070A0A /* Debug */ = {
			isa = XCBuildConfiguration;
			buildSettings = {
				ASSETCATALOG_COMPILER_APPICON_NAME = AppIcon;
				ASSETCATALOG_COMPILER_GLOBAL_ACCENT_COLOR_NAME = AccentColor;
				CODE_SIGN_STYLE = Automatic;
				CURRENT_PROJECT_VERSION = 1;
				DEVELOPMENT_TEAM = PV83Q4CKGN;
				GENERATE_INFOPLIST_FILE = YES;
				INFOPLIST_FILE = Give_a_chance/Info.plist;
				INFOPLIST_KEY_UIApplicationSupportsIndirectInputEvents = YES;
				INFOPLIST_KEY_UILaunchStoryboardName = LaunchScreen;
				INFOPLIST_KEY_UIMainStoryboardFile = Main;
				INFOPLIST_KEY_UISupportedInterfaceOrientations_iPad = "UIInterfaceOrientationPortrait UIInterfaceOrientationPortraitUpsideDown UIInterfaceOrientationLandscapeLeft UIInterfaceOrientationLandscapeRight";
				INFOPLIST_KEY_UISupportedInterfaceOrientations_iPhone = "UIInterfaceOrientationPortrait UIInterfaceOrientationLandscapeLeft UIInterfaceOrientationLandscapeRight";
				LD_RUNPATH_SEARCH_PATHS = (
					"$(inherited)",
					"@executable_path/Frameworks",
				);
				MARKETING_VERSION = 1.0;
				PRODUCT_BUNDLE_IDENTIFIER = "com.LukichevSergey.Give-a-chance";
				PRODUCT_NAME = "$(TARGET_NAME)";
				SWIFT_EMIT_LOC_STRINGS = YES;
				SWIFT_VERSION = 5.0;
				TARGETED_DEVICE_FAMILY = "1,2";
			};
			name = Debug;
		};
		2D1E7A8C286134B600070A0A /* Release */ = {
			isa = XCBuildConfiguration;
			buildSettings = {
				ASSETCATALOG_COMPILER_APPICON_NAME = AppIcon;
				ASSETCATALOG_COMPILER_GLOBAL_ACCENT_COLOR_NAME = AccentColor;
				CODE_SIGN_STYLE = Automatic;
				CURRENT_PROJECT_VERSION = 1;
				DEVELOPMENT_TEAM = PV83Q4CKGN;
				GENERATE_INFOPLIST_FILE = YES;
				INFOPLIST_FILE = Give_a_chance/Info.plist;
				INFOPLIST_KEY_UIApplicationSupportsIndirectInputEvents = YES;
				INFOPLIST_KEY_UILaunchStoryboardName = LaunchScreen;
				INFOPLIST_KEY_UIMainStoryboardFile = Main;
				INFOPLIST_KEY_UISupportedInterfaceOrientations_iPad = "UIInterfaceOrientationPortrait UIInterfaceOrientationPortraitUpsideDown UIInterfaceOrientationLandscapeLeft UIInterfaceOrientationLandscapeRight";
				INFOPLIST_KEY_UISupportedInterfaceOrientations_iPhone = "UIInterfaceOrientationPortrait UIInterfaceOrientationLandscapeLeft UIInterfaceOrientationLandscapeRight";
				LD_RUNPATH_SEARCH_PATHS = (
					"$(inherited)",
					"@executable_path/Frameworks",
				);
				MARKETING_VERSION = 1.0;
				PRODUCT_BUNDLE_IDENTIFIER = "com.LukichevSergey.Give-a-chance";
				PRODUCT_NAME = "$(TARGET_NAME)";
				SWIFT_EMIT_LOC_STRINGS = YES;
				SWIFT_VERSION = 5.0;
				TARGETED_DEVICE_FAMILY = "1,2";
			};
			name = Release;
		};
/* End XCBuildConfiguration section */

/* Begin XCConfigurationList section */
		2D1E7A6E286134B500070A0A /* Build configuration list for PBXProject "Give_a_chance" */ = {
			isa = XCConfigurationList;
			buildConfigurations = (
				2D1E7A88286134B600070A0A /* Debug */,
				2D1E7A89286134B600070A0A /* Release */,
			);
			defaultConfigurationIsVisible = 0;
			defaultConfigurationName = Release;
		};
		2D1E7A8A286134B600070A0A /* Build configuration list for PBXNativeTarget "Give_a_chance" */ = {
			isa = XCConfigurationList;
			buildConfigurations = (
				2D1E7A8B286134B600070A0A /* Debug */,
				2D1E7A8C286134B600070A0A /* Release */,
			);
			defaultConfigurationIsVisible = 0;
			defaultConfigurationName = Release;
		};
/* End XCConfigurationList section */

/* Begin XCRemoteSwiftPackageReference section */
		2D36EF6B2861E473007F6FE7 /* XCRemoteSwiftPackageReference "SnapKit" */ = {
			isa = XCRemoteSwiftPackageReference;
			repositoryURL = "https://github.com/SnapKit/SnapKit.git";
			requirement = {
				kind = upToNextMajorVersion;
				minimumVersion = 5.0.1;
			};
		};
/* End XCRemoteSwiftPackageReference section */

/* Begin XCSwiftPackageProductDependency section */
		2D36EF6C2861E473007F6FE7 /* SnapKit */ = {
			isa = XCSwiftPackageProductDependency;
			package = 2D36EF6B2861E473007F6FE7 /* XCRemoteSwiftPackageReference "SnapKit" */;
			productName = SnapKit;
		};
/* End XCSwiftPackageProductDependency section */

/* Begin XCVersionGroup section */
		2D1E7A7F286134B500070A0A /* Give_a_chance.xcdatamodeld */ = {
			isa = XCVersionGroup;
			children = (
				2D1E7A80286134B500070A0A /* Give_a_chance.xcdatamodel */,
			);
			currentVersion = 2D1E7A80286134B500070A0A /* Give_a_chance.xcdatamodel */;
			path = Give_a_chance.xcdatamodeld;
			sourceTree = "<group>";
			versionGroupType = wrapper.xcdatamodel;
		};
/* End XCVersionGroup section */
	};
	rootObject = 2D1E7A6B286134B500070A0A /* Project object */;
}
